
Microsoft Visual Studio Solution File, Format Version 12.00
# Visual Studio Version 16
VisualStudioVersion = 25.0.1705.4
MinimumVisualStudioVersion = 10.0.40219.1
Project("{FAE04EC0-301F-11D3-BF4B-00C04F79EFBC}") = "chooseYourAdventure", "chooseYourAdventure\chooseYourAdventure.csproj", "{151482FF-57D2-4E8E-BFB8-25FA83232953}"
EndProject
Global
	GlobalSection(SolutionConfigurationPlatforms) = preSolution
		Debug|Any CPU = Debug|Any CPU
		Release|Any CPU = Release|Any CPU
	EndGlobalSection
	GlobalSection(ProjectConfigurationPlatforms) = postSolution
		{151482FF-57D2-4E8E-BFB8-25FA83232953}.Debug|Any CPU.ActiveCfg = Debug|Any CPU
		{151482FF-57D2-4E8E-BFB8-25FA83232953}.Debug|Any CPU.Build.0 = Debug|Any CPU
		{151482FF-57D2-4E8E-BFB8-25FA83232953}.Release|Any CPU.ActiveCfg = Release|Any CPU
		{151482FF-57D2-4E8E-BFB8-25FA83232953}.Release|Any CPU.Build.0 = Release|Any CPU
	EndGlobalSection
	GlobalSection(SolutionProperties) = preSolution
		HideSolutionNode = FALSE
	EndGlobalSection
	GlobalSection(ExtensibilityGlobals) = postSolution
		SolutionGuid = {D1A2CB77-BFB0-405A-8EAC-3A8C7A9DB367}
	EndGlobalSection
EndGlobal
